
Microsoft Visual Studio Solution File, Format Version 12.00
# Visual Studio Version 17
VisualStudioVersion = 17.1.32421.90
MinimumVisualStudioVersion = 10.0.40219.1
Project("{FAE04EC0-301F-11D3-BF4B-00C04F79EFBC}") = "ObjektoNuskaitymasIsKonsoles", "ObjektoNuskaitymasIsKonsoles\ObjektoNuskaitymasIsKonsoles.csproj", "{15FF5173-6977-4D38-8AA1-9BC39261293B}"
EndProject
Global
	GlobalSection(SolutionConfigurationPlatforms) = preSolution
		Debug|Any CPU = Debug|Any CPU
		Release|Any CPU = Release|Any CPU
	EndGlobalSection
	GlobalSection(ProjectConfigurationPlatforms) = postSolution
		{15FF5173-6977-4D38-8AA1-9BC39261293B}.Debug|Any CPU.ActiveCfg = Debug|Any CPU
		{15FF5173-6977-4D38-8AA1-9BC39261293B}.Debug|Any CPU.Build.0 = Debug|Any CPU
		{15FF5173-6977-4D38-8AA1-9BC39261293B}.Release|Any CPU.ActiveCfg = Release|Any CPU
		{15FF5173-6977-4D38-8AA1-9BC39261293B}.Release|Any CPU.Build.0 = Release|Any CPU
	EndGlobalSection
	GlobalSection(SolutionProperties) = preSolution
		HideSolutionNode = FALSE
	EndGlobalSection
	GlobalSection(ExtensibilityGlobals) = postSolution
		SolutionGuid = {75C629DF-5DDC-45F5-B112-9E7E324D9A7D}
	EndGlobalSection
EndGlobal
